
Microsoft Visual Studio Solution File, Format Version 12.00
# Visual Studio Version 16
VisualStudioVersion = 16.0.34407.143
MinimumVisualStudioVersion = 10.0.40219.1
Project("{FAE04EC0-301F-11D3-BF4B-00C04F79EFBC}") = "ATSWeb", "ATSWeb.csproj", "{FE3E9EDF-28B3-45EB-B21F-0230DF934103}"
EndProject
Global
	GlobalSection(SolutionConfigurationPlatforms) = preSolution
		Debug|Any CPU = Debug|Any CPU
		Release|Any CPU = Release|Any CPU
	EndGlobalSection
	GlobalSection(ProjectConfigurationPlatforms) = postSolution
		{FE3E9EDF-28B3-45EB-B21F-0230DF934103}.Debug|Any CPU.ActiveCfg = Debug|Any CPU
		{FE3E9EDF-28B3-45EB-B21F-0230DF934103}.Debug|Any CPU.Build.0 = Debug|Any CPU
		{FE3E9EDF-28B3-45EB-B21F-0230DF934103}.Release|Any CPU.ActiveCfg = Release|Any CPU
		{FE3E9EDF-28B3-45EB-B21F-0230DF934103}.Release|Any CPU.Build.0 = Release|Any CPU
	EndGlobalSection
	GlobalSection(SolutionProperties) = preSolution
		HideSolutionNode = FALSE
	EndGlobalSection
	GlobalSection(ExtensibilityGlobals) = postSolution
		SolutionGuid = {A16B615A-C519-4D57-B598-F1A8632B4111}
	EndGlobalSection
EndGlobal
